<?xml version="1.0" encoding="utf-8"?>
<Project ToolsVersion="4.0" xmlns="http://schemas.microsoft.com/developer/msbuild/2003">
  <ItemGroup>
    <Filter Include="Source Files">
      <UniqueIdentifier>{4FC737F1-C7A5-4376-A066-2A32D752A2FF}</UniqueIdentifier>
      <Extensions>cpp;c;cc;cxx;def;odl;idl;hpj;bat;asm;asmx</Extensions>
    </Filter>
    <Filter Include="Header Files">
      <UniqueIdentifier>{93995380-89BD-4b04-88EB-625FBE52EBFB}</UniqueIdentifier>
      <Extensions>h;hpp;hxx;hm;inl;inc;xsd</Extensions>
    </Filter>
    <Filter Include="Resource Files">
      <UniqueIdentifier>{67DA6AB6-F800-4c08-8B7A-83BB121AAD01}</UniqueIdentifier>
      <Extensions>rc;ico;cur;bmp;dlg;rc2;rct;bin;rgs;gif;jpg;jpeg;jpe;resx;tiff;tif;png;wav;mfcribbon-ms</Extensions>
    </Filter>
  </ItemGroup>
  <ItemGroup>
    <None Include="ReadMe.txt" />
    <None Include="res\RazerChromaSampleApplication.rc2">
      <Filter>Resource Files</Filter>
    </None>
    <None Include="res\RazerChromaSampleApplication.ico">
      <Filter>Resource Files</Filter>
    </None>
  </ItemGroup>
  <ItemGroup>
    <ClInclude Include="RazerChromaSampleApplication.h">
      <Filter>Header Files</Filter>
    </ClInclude>
    <ClInclude Include="stdafx.h">
      <Filter>Header Files</Filter>
    </ClInclude>
    <ClInclude Include="targetver.h">
      <Filter>Header Files</Filter>
    </ClInclude>
    <ClInclude Include="Resource.h">
      <Filter>Header Files</Filter>
    </ClInclude>
    <ClInclude Include="SampleApplicationPropertySheet.h">
      <Filter>Source Files</Filter>
    </ClInclude>
    <ClInclude Include="KeyboardPage.h">
      <Filter>Header Files</Filter>
    </ClInclude>
    <ClInclude Include="..\ChromaSDK\inc\RzChromaSDKDefines.h">
      <Filter>Header Files</Filter>
    </ClInclude>
    <ClInclude Include="..\ChromaSDK\inc\RzChromaSDKTypes.h">
      <Filter>Header Files</Filter>
    </ClInclude>
    <ClInclude Include="..\ChromaSDK\inc\RzErrors.h">
      <Filter>Header Files</Filter>
    </ClInclude>
    <ClInclude Include="FrameController.h">
      <Filter>Header Files</Filter>
    </ClInclude>
    <ClInclude Include="TutorialDlg.h">
      <Filter>Header Files</Filter>
    </ClInclude>
    <ClInclude Include="AlertDlg.h">
      <Filter>Header Files</Filter>
    </ClInclude>
    <ClInclude Include="MousematPage.h">
      <Filter>Header Files</Filter>
    </ClInclude>
    <ClInclude Include="HealthAmmoManaDlg.h">
      <Filter>Header Files</Filter>
    </ClInclude>
    <ClInclude Include="CooldownTimerDlg.h">
      <Filter>Header Files</Filter>
    </ClInclude>
    <ClInclude Include="AmbientEffectDlg.h">
      <Filter>Header Files</Filter>
    </ClInclude>
    <ClInclude Include="MicePage.h">
      <Filter>Header Files</Filter>
    </ClInclude>
    <ClInclude Include="HeadsetPage.h">
      <Filter>Header Files</Filter>
    </ClInclude>
    <ClInclude Include="KeypadPage.h">
      <Filter>Header Files</Filter>
    </ClInclude>
    <ClInclude Include="ChromaLinkPage.h">
      <Filter>Header Files</Filter>
    </ClInclude>
    <ClInclude Include="ChromaSDKImpl.h">
      <Filter>Header Files</Filter>
    </ClInclude>
  </ItemGroup>
  <ItemGroup>
    <ClCompile Include="RazerChromaSampleApplication.cpp">
      <Filter>Source Files</Filter>
    </ClCompile>
    <ClCompile Include="stdafx.cpp">
      <Filter>Source Files</Filter>
    </ClCompile>
    <ClCompile Include="SampleApplicationPropertySheet.cpp">
      <Filter>Source Files</Filter>
    </ClCompile>
    <ClCompile Include="KeyboardPage.cpp">
      <Filter>Source Files</Filter>
    </ClCompile>
    <ClCompile Include="FrameController.cpp">
      <Filter>Source Files</Filter>
    </ClCompile>
    <ClCompile Include="TutorialDlg.cpp">
      <Filter>Source Files</Filter>
    </ClCompile>
    <ClCompile Include="AlertDlg.cpp">
      <Filter>Source Files</Filter>
    </ClCompile>
    <ClCompile Include="MousematPage.cpp">
      <Filter>Source Files</Filter>
    </ClCompile>
    <ClCompile Include="HealthAmmoManaDlg.cpp">
      <Filter>Source Files</Filter>
    </ClCompile>
    <ClCompile Include="CooldownTimerDlg.cpp">
      <Filter>Source Files</Filter>
    </ClCompile>
    <ClCompile Include="AmbientEffectDlg.cpp">
      <Filter>Source Files</Filter>
    </ClCompile>
    <ClCompile Include="MicePage.cpp">
      <Filter>Source Files</Filter>
    </ClCompile>
    <ClCompile Include="HeadsetPage.cpp">
      <Filter>Source Files</Filter>
    </ClCompile>
    <ClCompile Include="KeypadPage.cpp">
      <Filter>Source Files</Filter>
    </ClCompile>
    <ClCompile Include="ChromaLinkPage.cpp">
      <Filter>Source Files</Filter>
    </ClCompile>
    <ClCompile Include="ChromaSDKImpl.cpp">
      <Filter>Source Files</Filter>
    </ClCompile>
  </ItemGroup>
  <ItemGroup>
    <ResourceCompile Include="RazerChromaSampleApplication.rc">
      <Filter>Resource Files</Filter>
    </ResourceCompile>
  </ItemGroup>
</Project>